
Microsoft Visual Studio Solution File, Format Version 12.00
# Visual Studio Version 17
VisualStudioVersion = 17.0.31903.59
MinimumVisualStudioVersion = 10.0.40219.1
Project("{FAE04EC0-301F-11D3-BF4B-00C04F79EFBC}") = "Guard", "Guard\Guard.csproj", "{ED2A071B-FA68-48A3-95D8-AB8C095DA2ED}"
EndProject
Project("{FAE04EC0-301F-11D3-BF4B-00C04F79EFBC}") = "Guard.Tests", "Guard.Tests\Guard.Tests.csproj", "{EDA4FAB4-1E9D-4961-A082-E2627D3B2AA5}"
EndProject
Global
	GlobalSection(SolutionConfigurationPlatforms) = preSolution
		Debug|Any CPU = Debug|Any CPU
		Release|Any CPU = Release|Any CPU
	EndGlobalSection
	GlobalSection(SolutionProperties) = preSolution
		HideSolutionNode = FALSE
	EndGlobalSection
	GlobalSection(ProjectConfigurationPlatforms) = postSolution
		{ED2A071B-FA68-48A3-95D8-AB8C095DA2ED}.Debug|Any CPU.ActiveCfg = Debug|Any CPU
		{ED2A071B-FA68-48A3-95D8-AB8C095DA2ED}.Debug|Any CPU.Build.0 = Debug|Any CPU
		{ED2A071B-FA68-48A3-95D8-AB8C095DA2ED}.Release|Any CPU.ActiveCfg = Release|Any CPU
		{ED2A071B-FA68-48A3-95D8-AB8C095DA2ED}.Release|Any CPU.Build.0 = Release|Any CPU
		{EDA4FAB4-1E9D-4961-A082-E2627D3B2AA5}.Debug|Any CPU.ActiveCfg = Debug|Any CPU
		{EDA4FAB4-1E9D-4961-A082-E2627D3B2AA5}.Debug|Any CPU.Build.0 = Debug|Any CPU
		{EDA4FAB4-1E9D-4961-A082-E2627D3B2AA5}.Release|Any CPU.ActiveCfg = Release|Any CPU
		{EDA4FAB4-1E9D-4961-A082-E2627D3B2AA5}.Release|Any CPU.Build.0 = Release|Any CPU
	EndGlobalSection
EndGlobal
